
Microsoft Visual Studio Solution File, Format Version 12.00
# Visual Studio Version 17
VisualStudioVersion = 17.0.31919.166
MinimumVisualStudioVersion = 10.0.40219.1
Project("{FAE04EC0-301F-11D3-BF4B-00C04F79EFBC}") = "BlazorTest", "BlazorTest.csproj", "{FDED5853-5075-405D-B52C-427661557714}"
EndProject
Global
	GlobalSection(SolutionConfigurationPlatforms) = preSolution
		Debug|Any CPU = Debug|Any CPU
		Release|Any CPU = Release|Any CPU
	EndGlobalSection
	GlobalSection(ProjectConfigurationPlatforms) = postSolution
		{FDED5853-5075-405D-B52C-427661557714}.Debug|Any CPU.ActiveCfg = Debug|Any CPU
		{FDED5853-5075-405D-B52C-427661557714}.Debug|Any CPU.Build.0 = Debug|Any CPU
		{FDED5853-5075-405D-B52C-427661557714}.Release|Any CPU.ActiveCfg = Release|Any CPU
		{FDED5853-5075-405D-B52C-427661557714}.Release|Any CPU.Build.0 = Release|Any CPU
	EndGlobalSection
	GlobalSection(SolutionProperties) = preSolution
		HideSolutionNode = FALSE
	EndGlobalSection
	GlobalSection(ExtensibilityGlobals) = postSolution
		SolutionGuid = {CDA058E2-55AF-4A49-A1DE-D2C1A2DA9517}
	EndGlobalSection
EndGlobal
